{
  "version": 4,
  "terraform_version": "1.0.10",
  "serial": 63,
  "lineage": "109a7b44-6f5c-2e6a-62b2-fbc3afc522aa",
  "outputs": {},
  "resources": [
    {
      "mode": "managed",
      "type": "aws_eip",
      "name": "jinseong_eip_nat",
      "provider": "provider[\"registry.terraform.io/hashicorp/aws\"]",
      "instances": [
        {
          "schema_version": 0,
          "attributes": {
            "address": null,
            "allocation_id": "eipalloc-0edd85414d3563b14",
            "associate_with_private_ip": null,
            "association_id": "eipassoc-022db295b650be62d",
            "carrier_ip": "",
            "customer_owned_ip": "",
            "customer_owned_ipv4_pool": "",
            "domain": "vpc",
            "id": "eipalloc-0edd85414d3563b14",
            "instance": "",
            "network_border_group": "ap-northeast-2",
            "network_interface": "eni-0d7a6f83fa93cbb27",
            "private_dns": "ip-10-0-0-186.ap-northeast-2.compute.internal",
            "private_ip": "10.0.0.186",
            "public_dns": "ec2-3-36-185-178.ap-northeast-2.compute.amazonaws.com",
            "public_ip": "3.36.185.178",
            "public_ipv4_pool": "amazon",
            "tags": {},
            "tags_all": {},
            "timeouts": null,
            "vpc": true
          },
          "sensitive_attributes": [],
          "private": "eyJlMmJmYjczMC1lY2FhLTExZTYtOGY4OC0zNDM2M2JjN2M0YzAiOnsiZGVsZXRlIjoxODAwMDAwMDAwMDAsInJlYWQiOjkwMDAwMDAwMDAwMCwidXBkYXRlIjozMDAwMDAwMDAwMDB9fQ=="
        }
      ]
    },
    {
      "mode": "managed",
      "type": "aws_eip",
      "name": "jinseong_eip_weba",
      "provider": "provider[\"registry.terraform.io/hashicorp/aws\"]",
      "instances": [
        {
          "schema_version": 0,
          "attributes": {
            "address": null,
            "allocation_id": "eipalloc-05f4fca3e1d6e7549",
            "associate_with_private_ip": "10.0.0.11",
            "association_id": "eipassoc-007a9a2fb3751f2dd",
            "carrier_ip": "",
            "customer_owned_ip": "",
            "customer_owned_ipv4_pool": "",
            "domain": "vpc",
            "id": "eipalloc-05f4fca3e1d6e7549",
            "instance": "i-07810233570935d84",
            "network_border_group": "ap-northeast-2",
            "network_interface": "eni-0a92c7b29c5342004",
            "private_dns": "ip-10-0-0-11.ap-northeast-2.compute.internal",
            "private_ip": "10.0.0.11",
            "public_dns": "ec2-13-209-51-166.ap-northeast-2.compute.amazonaws.com",
            "public_ip": "13.209.51.166",
            "public_ipv4_pool": "amazon",
            "tags": null,
            "tags_all": {},
            "timeouts": null,
            "vpc": true
          },
          "sensitive_attributes": [],
          "private": "eyJlMmJmYjczMC1lY2FhLTExZTYtOGY4OC0zNDM2M2JjN2M0YzAiOnsiZGVsZXRlIjoxODAwMDAwMDAwMDAsInJlYWQiOjkwMDAwMDAwMDAwMCwidXBkYXRlIjozMDAwMDAwMDAwMDB9fQ==",
          "dependencies": [
            "aws_instance.jinseong_weba",
            "aws_internet_gateway.jinseong_igw",
            "aws_key_pair.jinseong_key",
            "aws_security_group.jinseong_sg",
            "aws_subnet.jinseong_subnet_01"
          ]
        }
      ]
    },
    {
      "mode": "managed",
      "type": "aws_instance",
      "name": "jinseong_weba",
      "provider": "provider[\"registry.terraform.io/hashicorp/aws\"]",
      "instances": [
        {
          "schema_version": 1,
          "attributes": {
            "ami": "ami-04e8dfc09b22389ad",
            "arn": "arn:aws:ec2:ap-northeast-2:328720699233:instance/i-07810233570935d84",
            "associate_public_ip_address": false,
            "availability_zone": "ap-northeast-2a",
            "capacity_reservation_specification": [
              {
                "capacity_reservation_preference": "open",
                "capacity_reservation_target": []
              }
            ],
            "cpu_core_count": 1,
            "cpu_threads_per_core": 1,
            "credit_specification": [
              {
                "cpu_credits": "standard"
              }
            ],
            "disable_api_termination": false,
            "ebs_block_device": [],
            "ebs_optimized": false,
            "enclave_options": [
              {
                "enabled": false
              }
            ],
            "ephemeral_block_device": [],
            "get_password_data": false,
            "hibernation": false,
            "host_id": null,
            "iam_instance_profile": "",
            "id": "i-07810233570935d84",
            "instance_initiated_shutdown_behavior": "stop",
            "instance_state": "running",
            "instance_type": "t2.micro",
            "ipv6_address_count": 0,
            "ipv6_addresses": [],
            "key_name": "jinseong-key",
            "launch_template": [],
            "metadata_options": [
              {
                "http_endpoint": "enabled",
                "http_put_response_hop_limit": 1,
                "http_tokens": "optional"
              }
            ],
            "monitoring": false,
            "network_interface": [],
            "outpost_arn": "",
            "password_data": "",
            "placement_group": "",
            "placement_partition_number": null,
            "primary_network_interface_id": "eni-0a92c7b29c5342004",
            "private_dns": "ip-10-0-0-11.ap-northeast-2.compute.internal",
            "private_ip": "10.0.0.11",
            "public_dns": "",
            "public_ip": "",
            "root_block_device": [
              {
                "delete_on_termination": true,
                "device_name": "/dev/xvda",
                "encrypted": false,
                "iops": 100,
                "kms_key_id": "",
                "tags": {},
                "throughput": 0,
                "volume_id": "vol-0571ac9ed3a5f2dc3",
                "volume_size": 8,
                "volume_type": "gp2"
              }
            ],
            "secondary_private_ips": [],
            "security_groups": [],
            "source_dest_check": true,
            "subnet_id": "subnet-014e5c7e896d3bc1b",
            "tags": null,
            "tags_all": {},
            "tenancy": "default",
            "timeouts": null,
            "user_data": "698f0741485fd207783f747146812a36c39adaf5",
            "user_data_base64": null,
            "volume_tags": null,
            "vpc_security_group_ids": [
              "sg-09e2c37995317f938"
            ]
          },
          "sensitive_attributes": [],
          "private": "eyJlMmJmYjczMC1lY2FhLTExZTYtOGY4OC0zNDM2M2JjN2M0YzAiOnsiY3JlYXRlIjo2MDAwMDAwMDAwMDAsImRlbGV0ZSI6MTIwMDAwMDAwMDAwMCwidXBkYXRlIjo2MDAwMDAwMDAwMDB9LCJzY2hlbWFfdmVyc2lvbiI6IjEifQ==",
          "dependencies": [
            "aws_key_pair.jinseong_key",
            "aws_security_group.jinseong_sg",
            "aws_subnet.jinseong_subnet_01"
          ]
        }
      ]
    },
    {
      "mode": "managed",
      "type": "aws_internet_gateway",
      "name": "jinseong_igw",
      "provider": "provider[\"registry.terraform.io/hashicorp/aws\"]",
      "instances": [
        {
          "schema_version": 0,
          "attributes": {
            "arn": "arn:aws:ec2:ap-northeast-2:328720699233:internet-gateway/igw-0d0f71637ddab9ee2",
            "id": "igw-0d0f71637ddab9ee2",
            "owner_id": "328720699233",
            "tags": {
              "Name": "jinseong_igw"
            },
            "tags_all": {
              "Name": "jinseong_igw"
            },
            "vpc_id": "vpc-0e7b24069aef8f9a5"
          },
          "sensitive_attributes": [],
          "private": "bnVsbA==",
          "dependencies": [
            "aws_vpc.JS-VPC"
          ]
        }
      ]
    },
    {
      "mode": "managed",
      "type": "aws_key_pair",
      "name": "jinseong_key",
      "provider": "provider[\"registry.terraform.io/hashicorp/aws\"]",
      "instances": [
        {
          "schema_version": 1,
          "attributes": {
            "arn": "arn:aws:ec2:ap-northeast-2:328720699233:key-pair/jinseong-key",
            "fingerprint": "52:a7:01:b2:78:47:ce:d6:8d:66:c2:bb:d0:5c:1e:bd",
            "id": "jinseong-key",
            "key_name": "jinseong-key",
            "key_name_prefix": null,
            "key_pair_id": "key-07ac9f9908dac8bd7",
            "public_key": "ssh-rsa AAAAB3NzaC1yc2EAAAADAQABAAABgQC4MulqEk8uScp6d2iu/OSXlniFof+b4SbXtT6knJkuMu+vxcyTPtIulddfeoBRVsxtzVEs2oB89wh4QX6qgp3nbpElQ9Xj/SxIdyNcetJUuNL11dSpZjcT1+xPnAUePHIbXdu9Ln+NcqTqo6+XYuuD4CQZpUmRO+cHeX8jE62C+eztRnX+Jq9OYkV+JrYYbhSuWCBqqYt/ZhGYJxPr6TU4keVVXbXnpqgo0I/lQIViyS5uhL0G9Hp4R/EnXCgWjMK9ObW1AlszupcWmo3aQn6slF+mIzpRanb88qVZJOdkJ1sR82wI1cdAUjZAf3oIGtaQdAGdS8P23wY/ssnrL8smPHzaNQj5QzrTb7vBW1Es7QyTur9h/3+E5Utwwg8oYMrU254AFR8b0YNj4ETwzg7g7EQu9ClW38Mug30BrBWJ1UbDEFLdD4KbohQCTn3hvLsXbJKlmhy9bLDv6/YzjoaFx2wG8wqhCukuY3jQJtQ8OcuYiZ9YxerZqf6QEblniS0=",
            "tags": {},
            "tags_all": {}
          },
          "sensitive_attributes": [],
          "private": "eyJzY2hlbWFfdmVyc2lvbiI6IjEifQ=="
        }
      ]
    },
    {
      "mode": "managed",
      "type": "aws_nat_gateway",
      "name": "jinseong_nat",
      "provider": "provider[\"registry.terraform.io/hashicorp/aws\"]",
      "instances": [
        {
          "schema_version": 0,
          "attributes": {
            "allocation_id": "eipalloc-0edd85414d3563b14",
            "connectivity_type": "public",
            "id": "nat-0f6878a703b664980",
            "network_interface_id": "eni-0d7a6f83fa93cbb27",
            "private_ip": "10.0.0.186",
            "public_ip": "3.36.185.178",
            "subnet_id": "subnet-014e5c7e896d3bc1b",
            "tags": {
              "Name": "jinseong-nat"
            },
            "tags_all": {
              "Name": "jinseong-nat"
            }
          },
          "sensitive_attributes": [],
          "private": "bnVsbA==",
          "dependencies": [
            "aws_eip.jinseong_eip_nat",
            "aws_internet_gateway.jinseong_igw",
            "aws_subnet.jinseong_subnet_01",
            "aws_vpc.JS-VPC"
          ]
        }
      ]
    },
    {
      "mode": "managed",
      "type": "aws_route_table",
      "name": "jinseong_rt",
      "provider": "provider[\"registry.terraform.io/hashicorp/aws\"]",
      "instances": [
        {
          "schema_version": 0,
          "attributes": {
            "arn": "arn:aws:ec2:ap-northeast-2:328720699233:route-table/rtb-02081fb14fa003e3a",
            "id": "rtb-02081fb14fa003e3a",
            "owner_id": "328720699233",
            "propagating_vgws": [],
            "route": [
              {
                "carrier_gateway_id": "",
                "cidr_block": "0.0.0.0/0",
                "destination_prefix_list_id": "",
                "egress_only_gateway_id": "",
                "gateway_id": "igw-0d0f71637ddab9ee2",
                "instance_id": "",
                "ipv6_cidr_block": "",
                "local_gateway_id": "",
                "nat_gateway_id": "",
                "network_interface_id": "",
                "transit_gateway_id": "",
                "vpc_endpoint_id": "",
                "vpc_peering_connection_id": ""
              }
            ],
            "tags": {
              "Name": "jinseong_rt"
            },
            "tags_all": {
              "Name": "jinseong_rt"
            },
            "timeouts": null,
            "vpc_id": "vpc-0e7b24069aef8f9a5"
          },
          "sensitive_attributes": [],
          "private": "eyJlMmJmYjczMC1lY2FhLTExZTYtOGY4OC0zNDM2M2JjN2M0YzAiOnsiY3JlYXRlIjoxMjAwMDAwMDAwMDAsImRlbGV0ZSI6MzAwMDAwMDAwMDAwLCJ1cGRhdGUiOjEyMDAwMDAwMDAwMH19",
          "dependencies": [
            "aws_internet_gateway.jinseong_igw",
            "aws_vpc.JS-VPC"
          ]
        }
      ]
    },
    {
      "mode": "managed",
      "type": "aws_route_table",
      "name": "jinseong_rt_nat",
      "provider": "provider[\"registry.terraform.io/hashicorp/aws\"]",
      "instances": [
        {
          "schema_version": 0,
          "attributes": {
            "arn": "arn:aws:ec2:ap-northeast-2:328720699233:route-table/rtb-02df7da71b78aabff",
            "id": "rtb-02df7da71b78aabff",
            "owner_id": "328720699233",
            "propagating_vgws": [],
            "route": [
              {
                "carrier_gateway_id": "",
                "cidr_block": "0.0.0.0/0",
                "destination_prefix_list_id": "",
                "egress_only_gateway_id": "",
                "gateway_id": "nat-0f6878a703b664980",
                "instance_id": "",
                "ipv6_cidr_block": "",
                "local_gateway_id": "",
                "nat_gateway_id": "",
                "network_interface_id": "",
                "transit_gateway_id": "",
                "vpc_endpoint_id": "",
                "vpc_peering_connection_id": ""
              }
            ],
            "tags": {
              "Name": "jinseong-rt-nat"
            },
            "tags_all": {
              "Name": "jinseong-rt-nat"
            },
            "timeouts": null,
            "vpc_id": "vpc-0e7b24069aef8f9a5"
          },
          "sensitive_attributes": [],
          "private": "eyJlMmJmYjczMC1lY2FhLTExZTYtOGY4OC0zNDM2M2JjN2M0YzAiOnsiY3JlYXRlIjoxMjAwMDAwMDAwMDAsImRlbGV0ZSI6MzAwMDAwMDAwMDAwLCJ1cGRhdGUiOjEyMDAwMDAwMDAwMH19",
          "dependencies": [
            "aws_nat_gateway.jinseong_nat",
            "aws_vpc.JS-VPC"
          ]
        }
      ]
    },
    {
      "mode": "managed",
      "type": "aws_route_table_association",
      "name": "jinseong_natrtass_a",
      "provider": "provider[\"registry.terraform.io/hashicorp/aws\"]",
      "instances": [
        {
          "schema_version": 0,
          "attributes": {
            "gateway_id": "",
            "id": "rtbassoc-0332cfca2e8ace6c2",
            "route_table_id": "rtb-02df7da71b78aabff",
            "subnet_id": "subnet-0b52a83166b544d98"
          },
          "sensitive_attributes": [],
          "private": "bnVsbA==",
          "dependencies": [
            "aws_eip.jinseong_eip_nat",
            "aws_internet_gateway.jinseong_igw",
            "aws_nat_gateway.jinseong_nat",
            "aws_route_table.jinseong_rt_nat",
            "aws_subnet.jinseong_subnet_01",
            "aws_subnet.jinseong_subnet_02",
            "aws_vpc.JS-VPC"
          ]
        }
      ]
    },
    {
      "mode": "managed",
      "type": "aws_route_table_association",
      "name": "jinseong_natrtass_c",
      "provider": "provider[\"registry.terraform.io/hashicorp/aws\"]",
      "instances": [
        {
          "schema_version": 0,
          "attributes": {
            "gateway_id": "",
            "id": "rtbassoc-0a2ded46a059a9e32",
            "route_table_id": "rtb-02df7da71b78aabff",
            "subnet_id": "subnet-0045d160017938c90"
          },
          "sensitive_attributes": [],
          "private": "bnVsbA==",
          "dependencies": [
            "aws_subnet.jinseong_subnet_04",
            "aws_vpc.JS-VPC",
            "aws_eip.jinseong_eip_nat",
            "aws_internet_gateway.jinseong_igw",
            "aws_nat_gateway.jinseong_nat",
            "aws_route_table.jinseong_rt_nat",
            "aws_subnet.jinseong_subnet_01"
          ]
        }
      ]
    },
    {
      "mode": "managed",
      "type": "aws_route_table_association",
      "name": "jinseong_rtass_public_a",
      "provider": "provider[\"registry.terraform.io/hashicorp/aws\"]",
      "instances": [
        {
          "schema_version": 0,
          "attributes": {
            "gateway_id": "",
            "id": "rtbassoc-0303bdf2d9a30897a",
            "route_table_id": "rtb-02081fb14fa003e3a",
            "subnet_id": "subnet-014e5c7e896d3bc1b"
          },
          "sensitive_attributes": [],
          "private": "bnVsbA==",
          "dependencies": [
            "aws_vpc.JS-VPC",
            "aws_internet_gateway.jinseong_igw",
            "aws_route_table.jinseong_rt",
            "aws_subnet.jinseong_subnet_01"
          ]
        }
      ]
    },
    {
      "mode": "managed",
      "type": "aws_route_table_association",
      "name": "jinseong_rtass_public_c",
      "provider": "provider[\"registry.terraform.io/hashicorp/aws\"]",
      "instances": [
        {
          "schema_version": 0,
          "attributes": {
            "gateway_id": "",
            "id": "rtbassoc-09f0b5635770681f2",
            "route_table_id": "rtb-02081fb14fa003e3a",
            "subnet_id": "subnet-00307761a26beca3c"
          },
          "sensitive_attributes": [],
          "private": "bnVsbA==",
          "dependencies": [
            "aws_vpc.JS-VPC",
            "aws_internet_gateway.jinseong_igw",
            "aws_route_table.jinseong_rt",
            "aws_subnet.jinseong_subnet_03"
          ]
        }
      ]
    },
    {
      "mode": "managed",
      "type": "aws_security_group",
      "name": "jinseong_sg",
      "provider": "provider[\"registry.terraform.io/hashicorp/aws\"]",
      "instances": [
        {
          "schema_version": 1,
          "attributes": {
            "arn": "arn:aws:ec2:ap-northeast-2:328720699233:security-group/sg-09e2c37995317f938",
            "description": "Managed by Terraform",
            "egress": [
              {
                "cidr_blocks": [
                  "0.0.0.0/0"
                ],
                "description": "AllowAll",
                "from_port": 0,
                "ipv6_cidr_blocks": [
                  "::/0"
                ],
                "prefix_list_ids": [],
                "protocol": "-1",
                "security_groups": [],
                "self": false,
                "to_port": 0
              }
            ],
            "id": "sg-09e2c37995317f938",
            "ingress": [
              {
                "cidr_blocks": [
                  "0.0.0.0/0"
                ],
                "description": "Allow HTTP",
                "from_port": 80,
                "ipv6_cidr_blocks": [
                  "::/0"
                ],
                "prefix_list_ids": [],
                "protocol": "tcp",
                "security_groups": [],
                "self": false,
                "to_port": 80
              },
              {
                "cidr_blocks": [
                  "0.0.0.0/0"
                ],
                "description": "Allow ICMP",
                "from_port": 0,
                "ipv6_cidr_blocks": [
                  "::/0"
                ],
                "prefix_list_ids": [],
                "protocol": "icmp",
                "security_groups": [],
                "self": false,
                "to_port": 0
              },
              {
                "cidr_blocks": [
                  "0.0.0.0/0"
                ],
                "description": "Allow SQL",
                "from_port": 3306,
                "ipv6_cidr_blocks": [
                  "::/0"
                ],
                "prefix_list_ids": [],
                "protocol": "tcp",
                "security_groups": [],
                "self": false,
                "to_port": 3306
              },
              {
                "cidr_blocks": [
                  "0.0.0.0/0"
                ],
                "description": "Allow SSH",
                "from_port": 22,
                "ipv6_cidr_blocks": [
                  "::/0"
                ],
                "prefix_list_ids": [],
                "protocol": "tcp",
                "security_groups": [],
                "self": false,
                "to_port": 22
              }
            ],
            "name": "AllowAll",
            "name_prefix": "",
            "owner_id": "328720699233",
            "revoke_rules_on_delete": false,
            "tags": {
              "Name": "jinseong-sg"
            },
            "tags_all": {
              "Name": "jinseong-sg"
            },
            "timeouts": null,
            "vpc_id": "vpc-0e7b24069aef8f9a5"
          },
          "sensitive_attributes": [],
          "private": "eyJlMmJmYjczMC1lY2FhLTExZTYtOGY4OC0zNDM2M2JjN2M0YzAiOnsiY3JlYXRlIjo2MDAwMDAwMDAwMDAsImRlbGV0ZSI6OTAwMDAwMDAwMDAwfSwic2NoZW1hX3ZlcnNpb24iOiIxIn0=",
          "dependencies": [
            "aws_vpc.JS-VPC"
          ]
        }
      ]
    },
    {
      "mode": "managed",
      "type": "aws_subnet",
      "name": "jinseong_subnet_01",
      "provider": "provider[\"registry.terraform.io/hashicorp/aws\"]",
      "instances": [
        {
          "schema_version": 1,
          "attributes": {
            "arn": "arn:aws:ec2:ap-northeast-2:328720699233:subnet/subnet-014e5c7e896d3bc1b",
            "assign_ipv6_address_on_creation": false,
            "availability_zone": "ap-northeast-2a",
            "availability_zone_id": "apne2-az1",
            "cidr_block": "10.0.0.0/24",
            "customer_owned_ipv4_pool": "",
            "id": "subnet-014e5c7e896d3bc1b",
            "ipv6_cidr_block": "",
            "ipv6_cidr_block_association_id": "",
            "map_customer_owned_ip_on_launch": false,
            "map_public_ip_on_launch": false,
            "outpost_arn": "",
            "owner_id": "328720699233",
            "tags": {
              "Name": "jinseong_subnet_01"
            },
            "tags_all": {
              "Name": "jinseong_subnet_01"
            },
            "timeouts": null,
            "vpc_id": "vpc-0e7b24069aef8f9a5"
          },
          "sensitive_attributes": [],
          "private": "eyJlMmJmYjczMC1lY2FhLTExZTYtOGY4OC0zNDM2M2JjN2M0YzAiOnsiY3JlYXRlIjo2MDAwMDAwMDAwMDAsImRlbGV0ZSI6MTIwMDAwMDAwMDAwMH0sInNjaGVtYV92ZXJzaW9uIjoiMSJ9",
          "dependencies": [
            "aws_vpc.JS-VPC"
          ]
        }
      ]
    },
    {
      "mode": "managed",
      "type": "aws_subnet",
      "name": "jinseong_subnet_02",
      "provider": "provider[\"registry.terraform.io/hashicorp/aws\"]",
      "instances": [
        {
          "schema_version": 1,
          "attributes": {
            "arn": "arn:aws:ec2:ap-northeast-2:328720699233:subnet/subnet-0b52a83166b544d98",
            "assign_ipv6_address_on_creation": false,
            "availability_zone": "ap-northeast-2a",
            "availability_zone_id": "apne2-az1",
            "cidr_block": "10.0.1.0/24",
            "customer_owned_ipv4_pool": "",
            "id": "subnet-0b52a83166b544d98",
            "ipv6_cidr_block": "",
            "ipv6_cidr_block_association_id": "",
            "map_customer_owned_ip_on_launch": false,
            "map_public_ip_on_launch": false,
            "outpost_arn": "",
            "owner_id": "328720699233",
            "tags": {
              "Name": "jinseong_subnet_02"
            },
            "tags_all": {
              "Name": "jinseong_subnet_02"
            },
            "timeouts": null,
            "vpc_id": "vpc-0e7b24069aef8f9a5"
          },
          "sensitive_attributes": [],
          "private": "eyJlMmJmYjczMC1lY2FhLTExZTYtOGY4OC0zNDM2M2JjN2M0YzAiOnsiY3JlYXRlIjo2MDAwMDAwMDAwMDAsImRlbGV0ZSI6MTIwMDAwMDAwMDAwMH0sInNjaGVtYV92ZXJzaW9uIjoiMSJ9",
          "dependencies": [
            "aws_vpc.JS-VPC"
          ]
        }
      ]
    },
    {
      "mode": "managed",
      "type": "aws_subnet",
      "name": "jinseong_subnet_03",
      "provider": "provider[\"registry.terraform.io/hashicorp/aws\"]",
      "instances": [
        {
          "schema_version": 1,
          "attributes": {
            "arn": "arn:aws:ec2:ap-northeast-2:328720699233:subnet/subnet-00307761a26beca3c",
            "assign_ipv6_address_on_creation": false,
            "availability_zone": "ap-northeast-2c",
            "availability_zone_id": "apne2-az3",
            "cidr_block": "10.0.2.0/24",
            "customer_owned_ipv4_pool": "",
            "id": "subnet-00307761a26beca3c",
            "ipv6_cidr_block": "",
            "ipv6_cidr_block_association_id": "",
            "map_customer_owned_ip_on_launch": false,
            "map_public_ip_on_launch": false,
            "outpost_arn": "",
            "owner_id": "328720699233",
            "tags": {
              "Name": "jinseong_subnet_03"
            },
            "tags_all": {
              "Name": "jinseong_subnet_03"
            },
            "timeouts": null,
            "vpc_id": "vpc-0e7b24069aef8f9a5"
          },
          "sensitive_attributes": [],
          "private": "eyJlMmJmYjczMC1lY2FhLTExZTYtOGY4OC0zNDM2M2JjN2M0YzAiOnsiY3JlYXRlIjo2MDAwMDAwMDAwMDAsImRlbGV0ZSI6MTIwMDAwMDAwMDAwMH0sInNjaGVtYV92ZXJzaW9uIjoiMSJ9",
          "dependencies": [
            "aws_vpc.JS-VPC"
          ]
        }
      ]
    },
    {
      "mode": "managed",
      "type": "aws_subnet",
      "name": "jinseong_subnet_04",
      "provider": "provider[\"registry.terraform.io/hashicorp/aws\"]",
      "instances": [
        {
          "schema_version": 1,
          "attributes": {
            "arn": "arn:aws:ec2:ap-northeast-2:328720699233:subnet/subnet-0045d160017938c90",
            "assign_ipv6_address_on_creation": false,
            "availability_zone": "ap-northeast-2c",
            "availability_zone_id": "apne2-az3",
            "cidr_block": "10.0.3.0/24",
            "customer_owned_ipv4_pool": "",
            "id": "subnet-0045d160017938c90",
            "ipv6_cidr_block": "",
            "ipv6_cidr_block_association_id": "",
            "map_customer_owned_ip_on_launch": false,
            "map_public_ip_on_launch": false,
            "outpost_arn": "",
            "owner_id": "328720699233",
            "tags": {
              "Name": "jinseong_subnet_04"
            },
            "tags_all": {
              "Name": "jinseong_subnet_04"
            },
            "timeouts": null,
            "vpc_id": "vpc-0e7b24069aef8f9a5"
          },
          "sensitive_attributes": [],
          "private": "eyJlMmJmYjczMC1lY2FhLTExZTYtOGY4OC0zNDM2M2JjN2M0YzAiOnsiY3JlYXRlIjo2MDAwMDAwMDAwMDAsImRlbGV0ZSI6MTIwMDAwMDAwMDAwMH0sInNjaGVtYV92ZXJzaW9uIjoiMSJ9",
          "dependencies": [
            "aws_vpc.JS-VPC"
          ]
        }
      ]
    },
    {
      "mode": "managed",
      "type": "aws_vpc",
      "name": "JS-VPC",
      "provider": "provider[\"registry.terraform.io/hashicorp/aws\"]",
      "instances": [
        {
          "schema_version": 1,
          "attributes": {
            "arn": "arn:aws:ec2:ap-northeast-2:328720699233:vpc/vpc-0e7b24069aef8f9a5",
            "assign_generated_ipv6_cidr_block": false,
            "cidr_block": "10.0.0.0/16",
            "default_network_acl_id": "acl-0db0399f58b9d2a22",
            "default_route_table_id": "rtb-06964ef2477053f57",
            "default_security_group_id": "sg-0a4825aaed1a982df",
            "dhcp_options_id": "dopt-dd5f11b6",
            "enable_classiclink": null,
            "enable_classiclink_dns_support": null,
            "enable_dns_hostnames": false,
            "enable_dns_support": true,
            "id": "vpc-0e7b24069aef8f9a5",
            "instance_tenancy": "default",
            "ipv6_association_id": "",
            "ipv6_cidr_block": "",
            "main_route_table_id": "rtb-06964ef2477053f57",
            "owner_id": "328720699233",
            "tags": {
              "Name": "JS-VPC"
            },
            "tags_all": {
              "Name": "JS-VPC"
            }
          },
          "sensitive_attributes": [],
          "private": "eyJzY2hlbWFfdmVyc2lvbiI6IjEifQ=="
        }
      ]
    }
  ]
}
