{
  "version": 4,
  "terraform_version": "1.0.10",
  "serial": 27,
  "lineage": "109a7b44-6f5c-2e6a-62b2-fbc3afc522aa",
  "outputs": {},
  "resources": [
    {
      "mode": "managed",
      "type": "aws_internet_gateway",
      "name": "jinseong_igw",
      "provider": "provider[\"registry.terraform.io/hashicorp/aws\"]",
      "instances": [
        {
          "schema_version": 0,
          "attributes": {
            "arn": "arn:aws:ec2:ap-northeast-2:328720699233:internet-gateway/igw-0178616ab7d4caa79",
            "id": "igw-0178616ab7d4caa79",
            "owner_id": "328720699233",
            "tags": {
              "Name": "jinseong_igw"
            },
            "tags_all": {
              "Name": "jinseong_igw"
            },
            "vpc_id": "vpc-07b59c6788047c1a4"
          },
          "sensitive_attributes": [],
          "private": "bnVsbA==",
          "dependencies": [
            "aws_vpc.JS-VPC"
          ]
        }
      ]
    },
    {
      "mode": "managed",
      "type": "aws_key_pair",
      "name": "jinseong_key",
      "provider": "provider[\"registry.terraform.io/hashicorp/aws\"]",
      "instances": [
        {
          "schema_version": 1,
          "attributes": {
            "arn": "arn:aws:ec2:ap-northeast-2:328720699233:key-pair/jinseong-key",
            "fingerprint": "52:a7:01:b2:78:47:ce:d6:8d:66:c2:bb:d0:5c:1e:bd",
            "id": "jinseong-key",
            "key_name": "jinseong-key",
            "key_name_prefix": null,
            "key_pair_id": "key-08a4d0c0ebf64da03",
            "public_key": "ssh-rsa AAAAB3NzaC1yc2EAAAADAQABAAABgQC4MulqEk8uScp6d2iu/OSXlniFof+b4SbXtT6knJkuMu+vxcyTPtIulddfeoBRVsxtzVEs2oB89wh4QX6qgp3nbpElQ9Xj/SxIdyNcetJUuNL11dSpZjcT1+xPnAUePHIbXdu9Ln+NcqTqo6+XYuuD4CQZpUmRO+cHeX8jE62C+eztRnX+Jq9OYkV+JrYYbhSuWCBqqYt/ZhGYJxPr6TU4keVVXbXnpqgo0I/lQIViyS5uhL0G9Hp4R/EnXCgWjMK9ObW1AlszupcWmo3aQn6slF+mIzpRanb88qVZJOdkJ1sR82wI1cdAUjZAf3oIGtaQdAGdS8P23wY/ssnrL8smPHzaNQj5QzrTb7vBW1Es7QyTur9h/3+E5Utwwg8oYMrU254AFR8b0YNj4ETwzg7g7EQu9ClW38Mug30BrBWJ1UbDEFLdD4KbohQCTn3hvLsXbJKlmhy9bLDv6/YzjoaFx2wG8wqhCukuY3jQJtQ8OcuYiZ9YxerZqf6QEblniS0=",
            "tags": {},
            "tags_all": {}
          },
          "sensitive_attributes": [],
          "private": "eyJzY2hlbWFfdmVyc2lvbiI6IjEifQ=="
        }
      ]
    },
    {
      "mode": "managed",
      "type": "aws_route_table",
      "name": "jinseong_rt",
      "provider": "provider[\"registry.terraform.io/hashicorp/aws\"]",
      "instances": [
        {
          "schema_version": 0,
          "attributes": {
            "arn": "arn:aws:ec2:ap-northeast-2:328720699233:route-table/rtb-027a9ac50f8082017",
            "id": "rtb-027a9ac50f8082017",
            "owner_id": "328720699233",
            "propagating_vgws": [],
            "route": [
              {
                "carrier_gateway_id": "",
                "cidr_block": "0.0.0.0/0",
                "destination_prefix_list_id": "",
                "egress_only_gateway_id": "",
                "gateway_id": "igw-0178616ab7d4caa79",
                "instance_id": "",
                "ipv6_cidr_block": "",
                "local_gateway_id": "",
                "nat_gateway_id": "",
                "network_interface_id": "",
                "transit_gateway_id": "",
                "vpc_endpoint_id": "",
                "vpc_peering_connection_id": ""
              }
            ],
            "tags": {
              "Name": "jinseong_rt"
            },
            "tags_all": {
              "Name": "jinseong_rt"
            },
            "timeouts": null,
            "vpc_id": "vpc-07b59c6788047c1a4"
          },
          "sensitive_attributes": [],
          "private": "eyJlMmJmYjczMC1lY2FhLTExZTYtOGY4OC0zNDM2M2JjN2M0YzAiOnsiY3JlYXRlIjoxMjAwMDAwMDAwMDAsImRlbGV0ZSI6MzAwMDAwMDAwMDAwLCJ1cGRhdGUiOjEyMDAwMDAwMDAwMH19",
          "dependencies": [
            "aws_internet_gateway.jinseong_igw",
            "aws_vpc.JS-VPC"
          ]
        }
      ]
    },
    {
      "mode": "managed",
      "type": "aws_subnet",
      "name": "jinseong_subnet_01",
      "provider": "provider[\"registry.terraform.io/hashicorp/aws\"]",
      "instances": [
        {
          "schema_version": 1,
          "attributes": {
            "arn": "arn:aws:ec2:ap-northeast-2:328720699233:subnet/subnet-010cef759bb92763e",
            "assign_ipv6_address_on_creation": false,
            "availability_zone": "ap-northeast-2a",
            "availability_zone_id": "apne2-az1",
            "cidr_block": "10.0.0.0/24",
            "customer_owned_ipv4_pool": "",
            "id": "subnet-010cef759bb92763e",
            "ipv6_cidr_block": "",
            "ipv6_cidr_block_association_id": "",
            "map_customer_owned_ip_on_launch": false,
            "map_public_ip_on_launch": false,
            "outpost_arn": "",
            "owner_id": "328720699233",
            "tags": {
              "Name": "jinseong_subnet_01"
            },
            "tags_all": {
              "Name": "jinseong_subnet_01"
            },
            "timeouts": null,
            "vpc_id": "vpc-07b59c6788047c1a4"
          },
          "sensitive_attributes": [],
          "private": "eyJlMmJmYjczMC1lY2FhLTExZTYtOGY4OC0zNDM2M2JjN2M0YzAiOnsiY3JlYXRlIjo2MDAwMDAwMDAwMDAsImRlbGV0ZSI6MTIwMDAwMDAwMDAwMH0sInNjaGVtYV92ZXJzaW9uIjoiMSJ9",
          "dependencies": [
            "aws_vpc.JS-VPC"
          ]
        }
      ]
    },
    {
      "mode": "managed",
      "type": "aws_subnet",
      "name": "jinseong_subnet_02",
      "provider": "provider[\"registry.terraform.io/hashicorp/aws\"]",
      "instances": [
        {
          "schema_version": 1,
          "attributes": {
            "arn": "arn:aws:ec2:ap-northeast-2:328720699233:subnet/subnet-03537508a20e3b206",
            "assign_ipv6_address_on_creation": false,
            "availability_zone": "ap-northeast-2a",
            "availability_zone_id": "apne2-az1",
            "cidr_block": "10.0.1.0/24",
            "customer_owned_ipv4_pool": "",
            "id": "subnet-03537508a20e3b206",
            "ipv6_cidr_block": "",
            "ipv6_cidr_block_association_id": "",
            "map_customer_owned_ip_on_launch": false,
            "map_public_ip_on_launch": false,
            "outpost_arn": "",
            "owner_id": "328720699233",
            "tags": {
              "Name": "jinseong_subnet_02"
            },
            "tags_all": {
              "Name": "jinseong_subnet_02"
            },
            "timeouts": null,
            "vpc_id": "vpc-07b59c6788047c1a4"
          },
          "sensitive_attributes": [],
          "private": "eyJlMmJmYjczMC1lY2FhLTExZTYtOGY4OC0zNDM2M2JjN2M0YzAiOnsiY3JlYXRlIjo2MDAwMDAwMDAwMDAsImRlbGV0ZSI6MTIwMDAwMDAwMDAwMH0sInNjaGVtYV92ZXJzaW9uIjoiMSJ9",
          "dependencies": [
            "aws_vpc.JS-VPC"
          ]
        }
      ]
    },
    {
      "mode": "managed",
      "type": "aws_subnet",
      "name": "jinseong_subnet_03",
      "provider": "provider[\"registry.terraform.io/hashicorp/aws\"]",
      "instances": [
        {
          "schema_version": 1,
          "attributes": {
            "arn": "arn:aws:ec2:ap-northeast-2:328720699233:subnet/subnet-0e9eb5033ad025993",
            "assign_ipv6_address_on_creation": false,
            "availability_zone": "ap-northeast-2c",
            "availability_zone_id": "apne2-az3",
            "cidr_block": "10.0.2.0/24",
            "customer_owned_ipv4_pool": "",
            "id": "subnet-0e9eb5033ad025993",
            "ipv6_cidr_block": "",
            "ipv6_cidr_block_association_id": "",
            "map_customer_owned_ip_on_launch": false,
            "map_public_ip_on_launch": false,
            "outpost_arn": "",
            "owner_id": "328720699233",
            "tags": {
              "Name": "jinseong_subnet_03"
            },
            "tags_all": {
              "Name": "jinseong_subnet_03"
            },
            "timeouts": null,
            "vpc_id": "vpc-07b59c6788047c1a4"
          },
          "sensitive_attributes": [],
          "private": "eyJlMmJmYjczMC1lY2FhLTExZTYtOGY4OC0zNDM2M2JjN2M0YzAiOnsiY3JlYXRlIjo2MDAwMDAwMDAwMDAsImRlbGV0ZSI6MTIwMDAwMDAwMDAwMH0sInNjaGVtYV92ZXJzaW9uIjoiMSJ9",
          "dependencies": [
            "aws_vpc.JS-VPC"
          ]
        }
      ]
    },
    {
      "mode": "managed",
      "type": "aws_subnet",
      "name": "jinseong_subnet_04",
      "provider": "provider[\"registry.terraform.io/hashicorp/aws\"]",
      "instances": [
        {
          "schema_version": 1,
          "attributes": {
            "arn": "arn:aws:ec2:ap-northeast-2:328720699233:subnet/subnet-0039e4a4bd33a16bf",
            "assign_ipv6_address_on_creation": false,
            "availability_zone": "ap-northeast-2c",
            "availability_zone_id": "apne2-az3",
            "cidr_block": "10.0.3.0/24",
            "customer_owned_ipv4_pool": "",
            "id": "subnet-0039e4a4bd33a16bf",
            "ipv6_cidr_block": "",
            "ipv6_cidr_block_association_id": "",
            "map_customer_owned_ip_on_launch": false,
            "map_public_ip_on_launch": false,
            "outpost_arn": "",
            "owner_id": "328720699233",
            "tags": {
              "Name": "jinseong_subnet_04"
            },
            "tags_all": {
              "Name": "jinseong_subnet_04"
            },
            "timeouts": null,
            "vpc_id": "vpc-07b59c6788047c1a4"
          },
          "sensitive_attributes": [],
          "private": "eyJlMmJmYjczMC1lY2FhLTExZTYtOGY4OC0zNDM2M2JjN2M0YzAiOnsiY3JlYXRlIjo2MDAwMDAwMDAwMDAsImRlbGV0ZSI6MTIwMDAwMDAwMDAwMH0sInNjaGVtYV92ZXJzaW9uIjoiMSJ9",
          "dependencies": [
            "aws_vpc.JS-VPC"
          ]
        }
      ]
    },
    {
      "mode": "managed",
      "type": "aws_vpc",
      "name": "JS-VPC",
      "provider": "provider[\"registry.terraform.io/hashicorp/aws\"]",
      "instances": [
        {
          "schema_version": 1,
          "attributes": {
            "arn": "arn:aws:ec2:ap-northeast-2:328720699233:vpc/vpc-07b59c6788047c1a4",
            "assign_generated_ipv6_cidr_block": false,
            "cidr_block": "10.0.0.0/16",
            "default_network_acl_id": "acl-0db0719b6efebc135",
            "default_route_table_id": "rtb-05a55ca049606d2ba",
            "default_security_group_id": "sg-088f5c25598dfcf45",
            "dhcp_options_id": "dopt-dd5f11b6",
            "enable_classiclink": null,
            "enable_classiclink_dns_support": null,
            "enable_dns_hostnames": false,
            "enable_dns_support": true,
            "id": "vpc-07b59c6788047c1a4",
            "instance_tenancy": "default",
            "ipv6_association_id": "",
            "ipv6_cidr_block": "",
            "main_route_table_id": "rtb-05a55ca049606d2ba",
            "owner_id": "328720699233",
            "tags": {
              "Name": "JS-VPC"
            },
            "tags_all": {
              "Name": "JS-VPC"
            }
          },
          "sensitive_attributes": [],
          "private": "eyJzY2hlbWFfdmVyc2lvbiI6IjEifQ=="
        }
      ]
    }
  ]
}
